
Microsoft Visual Studio Solution File, Format Version 12.00
# Visual Studio Version 16
VisualStudioVersion = 16.0.30114.105
MinimumVisualStudioVersion = 10.0.40219.1
Project("{2150E333-8FDC-42A3-9474-1A3956D46DE8}") = "Components", "Components", "{0EFEC83C-97B2-443C-B093-1E1CD05F98C9}"
EndProject
Project("{FAE04EC0-301F-11D3-BF4B-00C04F79EFBC}") = "BL", "Components\BL\BL.csproj", "{E1B24CD2-1A84-4018-BE15-0E56589C3D68}"
EndProject
Project("{2150E333-8FDC-42A3-9474-1A3956D46DE8}") = "Tests", "Tests", "{09D37C3C-C7B1-4478-9A2B-8B58FC299B54}"
EndProject
Project("{FAE04EC0-301F-11D3-BF4B-00C04F79EFBC}") = "TestsBL", "Tests\TestsBL\TestsBL.csproj", "{2A2E7F7A-5CE5-4973-8546-2D4D25797C87}"
EndProject
Project("{FAE04EC0-301F-11D3-BF4B-00C04F79EFBC}") = "DB", "Components\DB\DB.csproj", "{04F73AC4-916F-46C9-913C-59A57F669755}"
EndProject
Project("{FAE04EC0-301F-11D3-BF4B-00C04F79EFBC}") = "TestsDB", "Tests\TestsDB\TestsDB.csproj", "{D11B4321-0362-433C-8262-C44BE3947367}"
EndProject
Global
	GlobalSection(SolutionConfigurationPlatforms) = preSolution
		Debug|Any CPU = Debug|Any CPU
		Release|Any CPU = Release|Any CPU
	EndGlobalSection
	GlobalSection(SolutionProperties) = preSolution
		HideSolutionNode = FALSE
	EndGlobalSection
	GlobalSection(ProjectConfigurationPlatforms) = postSolution
		{E1B24CD2-1A84-4018-BE15-0E56589C3D68}.Debug|Any CPU.ActiveCfg = Debug|Any CPU
		{E1B24CD2-1A84-4018-BE15-0E56589C3D68}.Debug|Any CPU.Build.0 = Debug|Any CPU
		{E1B24CD2-1A84-4018-BE15-0E56589C3D68}.Release|Any CPU.ActiveCfg = Release|Any CPU
		{E1B24CD2-1A84-4018-BE15-0E56589C3D68}.Release|Any CPU.Build.0 = Release|Any CPU
		{2A2E7F7A-5CE5-4973-8546-2D4D25797C87}.Debug|Any CPU.ActiveCfg = Debug|Any CPU
		{2A2E7F7A-5CE5-4973-8546-2D4D25797C87}.Debug|Any CPU.Build.0 = Debug|Any CPU
		{2A2E7F7A-5CE5-4973-8546-2D4D25797C87}.Release|Any CPU.ActiveCfg = Release|Any CPU
		{2A2E7F7A-5CE5-4973-8546-2D4D25797C87}.Release|Any CPU.Build.0 = Release|Any CPU
		{04F73AC4-916F-46C9-913C-59A57F669755}.Debug|Any CPU.ActiveCfg = Debug|Any CPU
		{04F73AC4-916F-46C9-913C-59A57F669755}.Debug|Any CPU.Build.0 = Debug|Any CPU
		{04F73AC4-916F-46C9-913C-59A57F669755}.Release|Any CPU.ActiveCfg = Release|Any CPU
		{04F73AC4-916F-46C9-913C-59A57F669755}.Release|Any CPU.Build.0 = Release|Any CPU
		{D11B4321-0362-433C-8262-C44BE3947367}.Debug|Any CPU.ActiveCfg = Debug|Any CPU
		{D11B4321-0362-433C-8262-C44BE3947367}.Debug|Any CPU.Build.0 = Debug|Any CPU
		{D11B4321-0362-433C-8262-C44BE3947367}.Release|Any CPU.ActiveCfg = Release|Any CPU
		{D11B4321-0362-433C-8262-C44BE3947367}.Release|Any CPU.Build.0 = Release|Any CPU
	EndGlobalSection
	GlobalSection(NestedProjects) = preSolution
		{E1B24CD2-1A84-4018-BE15-0E56589C3D68} = {0EFEC83C-97B2-443C-B093-1E1CD05F98C9}
		{2A2E7F7A-5CE5-4973-8546-2D4D25797C87} = {09D37C3C-C7B1-4478-9A2B-8B58FC299B54}
		{B509362C-BB3B-4769-9E9C-EA95580D3BCE} = {0EFEC83C-97B2-443C-B093-1E1CD05F98C9}
		{04F73AC4-916F-46C9-913C-59A57F669755} = {0EFEC83C-97B2-443C-B093-1E1CD05F98C9}
		{D11B4321-0362-433C-8262-C44BE3947367} = {09D37C3C-C7B1-4478-9A2B-8B58FC299B54}
	EndGlobalSection
EndGlobal
